
Microsoft Visual Studio Solution File, Format Version 12.00
Project("{FAE04EC0-301F-11D3-BF4B-00C04F79EFBC}") = "20250402tictactoeOOP", "20250402tictactoeOOP\20250402tictactoeOOP.csproj", "{DF8884B0-E7AE-4117-8763-F206F50EE551}"
EndProject
Global
	GlobalSection(SolutionConfigurationPlatforms) = preSolution
		Debug|Any CPU = Debug|Any CPU
		Release|Any CPU = Release|Any CPU
	EndGlobalSection
	GlobalSection(ProjectConfigurationPlatforms) = postSolution
		{DF8884B0-E7AE-4117-8763-F206F50EE551}.Debug|Any CPU.ActiveCfg = Debug|Any CPU
		{DF8884B0-E7AE-4117-8763-F206F50EE551}.Debug|Any CPU.Build.0 = Debug|Any CPU
		{DF8884B0-E7AE-4117-8763-F206F50EE551}.Release|Any CPU.ActiveCfg = Release|Any CPU
		{DF8884B0-E7AE-4117-8763-F206F50EE551}.Release|Any CPU.Build.0 = Release|Any CPU
	EndGlobalSection
EndGlobal
