
Microsoft Visual Studio Solution File, Format Version 12.00
# Visual Studio Version 16
VisualStudioVersion = 16.0.32901.82
MinimumVisualStudioVersion = 10.0.40219.1
Project("{FAE04EC0-301F-11D3-BF4B-00C04F79EFBC}") = "20241022datechecker", "20241022datechecker\20241022datechecker.csproj", "{869AA25E-ECCC-40EC-9699-B80D0D0D94C1}"
EndProject
Global
	GlobalSection(SolutionConfigurationPlatforms) = preSolution
		Debug|Any CPU = Debug|Any CPU
		Release|Any CPU = Release|Any CPU
	EndGlobalSection
	GlobalSection(ProjectConfigurationPlatforms) = postSolution
		{869AA25E-ECCC-40EC-9699-B80D0D0D94C1}.Debug|Any CPU.ActiveCfg = Debug|Any CPU
		{869AA25E-ECCC-40EC-9699-B80D0D0D94C1}.Debug|Any CPU.Build.0 = Debug|Any CPU
		{869AA25E-ECCC-40EC-9699-B80D0D0D94C1}.Release|Any CPU.ActiveCfg = Release|Any CPU
		{869AA25E-ECCC-40EC-9699-B80D0D0D94C1}.Release|Any CPU.Build.0 = Release|Any CPU
	EndGlobalSection
	GlobalSection(SolutionProperties) = preSolution
		HideSolutionNode = FALSE
	EndGlobalSection
	GlobalSection(ExtensibilityGlobals) = postSolution
		SolutionGuid = {B6230889-E7BE-4F1B-A3EC-243B15848B66}
	EndGlobalSection
EndGlobal
