
Microsoft Visual Studio Solution File, Format Version 12.00
# Visual Studio Version 16
VisualStudioVersion = 16.0.32602.291
MinimumVisualStudioVersion = 10.0.40219.1
Project("{FAE04EC0-301F-11D3-BF4B-00C04F79EFBC}") = "20250110Lotto", "20250110Lotto\20250110Lotto.csproj", "{1156037D-DDC4-4D2D-923C-0A559473919A}"
EndProject
Global
	GlobalSection(SolutionConfigurationPlatforms) = preSolution
		Debug|Any CPU = Debug|Any CPU
		Release|Any CPU = Release|Any CPU
	EndGlobalSection
	GlobalSection(ProjectConfigurationPlatforms) = postSolution
		{1156037D-DDC4-4D2D-923C-0A559473919A}.Debug|Any CPU.ActiveCfg = Debug|Any CPU
		{1156037D-DDC4-4D2D-923C-0A559473919A}.Debug|Any CPU.Build.0 = Debug|Any CPU
		{1156037D-DDC4-4D2D-923C-0A559473919A}.Release|Any CPU.ActiveCfg = Release|Any CPU
		{1156037D-DDC4-4D2D-923C-0A559473919A}.Release|Any CPU.Build.0 = Release|Any CPU
	EndGlobalSection
	GlobalSection(SolutionProperties) = preSolution
		HideSolutionNode = FALSE
	EndGlobalSection
	GlobalSection(ExtensibilityGlobals) = postSolution
		SolutionGuid = {514F4036-89DB-4FFA-A9F4-D9773B081851}
	EndGlobalSection
EndGlobal
