
Microsoft Visual Studio Solution File, Format Version 12.00
# Visual Studio Version 16
VisualStudioVersion = 16.0.32602.291
MinimumVisualStudioVersion = 10.0.40219.1
Project("{FAE04EC0-301F-11D3-BF4B-00C04F79EFBC}") = "20241115methode", "20241115methode\20241115methode.csproj", "{FC416278-1A89-4C8A-8703-71C5A75D38E6}"
EndProject
Global
	GlobalSection(SolutionConfigurationPlatforms) = preSolution
		Debug|Any CPU = Debug|Any CPU
		Release|Any CPU = Release|Any CPU
	EndGlobalSection
	GlobalSection(ProjectConfigurationPlatforms) = postSolution
		{FC416278-1A89-4C8A-8703-71C5A75D38E6}.Debug|Any CPU.ActiveCfg = Debug|Any CPU
		{FC416278-1A89-4C8A-8703-71C5A75D38E6}.Debug|Any CPU.Build.0 = Debug|Any CPU
		{FC416278-1A89-4C8A-8703-71C5A75D38E6}.Release|Any CPU.ActiveCfg = Release|Any CPU
		{FC416278-1A89-4C8A-8703-71C5A75D38E6}.Release|Any CPU.Build.0 = Release|Any CPU
	EndGlobalSection
	GlobalSection(SolutionProperties) = preSolution
		HideSolutionNode = FALSE
	EndGlobalSection
	GlobalSection(ExtensibilityGlobals) = postSolution
		SolutionGuid = {ECC2AF87-D8F6-4D21-A33B-788BB4439437}
	EndGlobalSection
EndGlobal
